
Microsoft Visual Studio Solution File, Format Version 12.00
# Visual Studio 15
VisualStudioVersion = 15.0.28010.2019
MinimumVisualStudioVersion = 10.0.40219.1
Project("{2150E333-8FDC-42A3-9474-1A3956D46DE8}") = "src", "src", "{F669ABA1-6EBD-4353-B074-D68DD7C9595C}"
EndProject
Project("{2150E333-8FDC-42A3-9474-1A3956D46DE8}") = "test", "test", "{4579AAE8-30F2-4061-8D5D-850CD0316679}"
EndProject
Project("{FAE04EC0-301F-11D3-BF4B-00C04F79EFBC}") = "BrokeredMessaging.Abstractions", "src\BrokeredMessaging.Abstractions\BrokeredMessaging.Abstractions.csproj", "{75FEB98E-C9B6-47E3-8C55-28E5E7B9DA06}"
EndProject
Project("{FAE04EC0-301F-11D3-BF4B-00C04F79EFBC}") = "BrokeredMessaging.Features", "src\BrokeredMessaging.Features\BrokeredMessaging.Features.csproj", "{2A36F6A9-FF7B-44EA-A36B-4BBB86737017}"
EndProject
Global
	GlobalSection(SolutionConfigurationPlatforms) = preSolution
		Debug|Any CPU = Debug|Any CPU
		Release|Any CPU = Release|Any CPU
	EndGlobalSection
	GlobalSection(ProjectConfigurationPlatforms) = postSolution
		{75FEB98E-C9B6-47E3-8C55-28E5E7B9DA06}.Debug|Any CPU.ActiveCfg = Debug|Any CPU
		{75FEB98E-C9B6-47E3-8C55-28E5E7B9DA06}.Debug|Any CPU.Build.0 = Debug|Any CPU
		{75FEB98E-C9B6-47E3-8C55-28E5E7B9DA06}.Release|Any CPU.ActiveCfg = Release|Any CPU
		{75FEB98E-C9B6-47E3-8C55-28E5E7B9DA06}.Release|Any CPU.Build.0 = Release|Any CPU
		{2A36F6A9-FF7B-44EA-A36B-4BBB86737017}.Debug|Any CPU.ActiveCfg = Debug|Any CPU
		{2A36F6A9-FF7B-44EA-A36B-4BBB86737017}.Debug|Any CPU.Build.0 = Debug|Any CPU
		{2A36F6A9-FF7B-44EA-A36B-4BBB86737017}.Release|Any CPU.ActiveCfg = Release|Any CPU
		{2A36F6A9-FF7B-44EA-A36B-4BBB86737017}.Release|Any CPU.Build.0 = Release|Any CPU
	EndGlobalSection
	GlobalSection(SolutionProperties) = preSolution
		HideSolutionNode = FALSE
	EndGlobalSection
	GlobalSection(NestedProjects) = preSolution
		{75FEB98E-C9B6-47E3-8C55-28E5E7B9DA06} = {F669ABA1-6EBD-4353-B074-D68DD7C9595C}
		{2A36F6A9-FF7B-44EA-A36B-4BBB86737017} = {F669ABA1-6EBD-4353-B074-D68DD7C9595C}
	EndGlobalSection
	GlobalSection(ExtensibilityGlobals) = postSolution
		SolutionGuid = {FECF8561-EBBA-4E0B-AE8F-DDE6CED3306C}
	EndGlobalSection
EndGlobal
